# THIS IS AN AUTOGENERATED FILE. DO NOT EDIT THIS FILE DIRECTLY.
# yarn lockfile v1


json3@3.2.4:
  version "3.2.4"
  resolved "https://registry.yarnpkg.com/json3/-/json3-3.2.4.tgz#689c589e7ca9340c7ee4949e0d105bc5bf159f21"

polyfill@^0.1.0:
  version "0.1.0"
  resolved "https://registry.yarnpkg.com/polyfill/-/polyfill-0.1.0.tgz#ded507cb76802804834b3385dfd3ba2e51004c3d"
  dependencies:
    json3 "3.2.4"
