# THIS IS AN AUTOGENERATED FILE. DO NOT EDIT THIS FILE DIRECTLY.
# yarn lockfile v1


webextension-polyfill@^0.3.1:
  version "0.3.1"
  resolved "https://registry.yarnpkg.com/webextension-polyfill/-/webextension-polyfill-0.3.1.tgz#fab2aed917a713a5d8221e41febad81c5d0b080f"
  integrity sha512-ISB42vlgMyM7xE1u6pREeCqmmXjLsYu/nqAR8Dl/gIAnylb+KpRpvKbVkUYNFePhhXn0Obkkc3jasOII9ztUtg==
